github.com/code-gorilla-au/env v0.0.0-20231101054621-7a54afca2a47 h1:trs2A+qJC8TSCrwHjHo1RakFLSH4P3ExiQL+xg9dJp8=
github.com/code-gorilla-au/env v0.0.0-20231101054621-7a54afca2a47/go.mod h1:UF4ViNLEMf471i3q0opnUR5fpw0ENIvveo92s0/h12Q=
github.com/joho/godotenv v1.5.1 h1:7eLL/+HRGLY0ldzfGMeQkb7vMd0as4CfYvUVzLqw0N0=
github.com/joho/godotenv v1.5.1/go.mod h1:f4LDr5Voq0i2e/R5DDNOoa2zzDfwtkZa6DnEwAbqwq4=
